{
  "name": "fixture-npm-workspace",
  "lockfileVersion": 3,
  "packages": {
    "": {
      "name": "fixture-npm-workspace",
      "workspaces": ["packages/*"],
      "dependencies": { "alias-lib": "npm:real-lib@^1.0.0" },
      "optionalDependencies": { "optional-lib": "^2.0.0" }
    },
    "node_modules/alias-lib": {
      "name": "real-lib",
      "version": "1.2.0",
      "dependencies": { "transitive-lib": "^3.0.0" }
    },
    "node_modules/optional-lib": { "version": "2.1.0", "optional": true },
    "node_modules/transitive-lib": { "version": "3.1.0" },
    "node_modules/workspace-lib": { "version": "1.0.0" }
  }
}
